
Microsoft Visual Studio Solution File, Format Version 12.00
# Visual Studio Version 17
VisualStudioVersion = 17.10.34902.84
MinimumVisualStudioVersion = 10.0.40219.1
Project("{FAE04EC0-301F-11D3-BF4B-00C04F79EFBC}") = "MasterSoftMachineTest", "MasterSoftMachineTest\MasterSoftMachineTest.csproj", "{8C74AD80-D179-4DF2-B489-B9914F79CE2C}"
EndProject
Global
	GlobalSection(SolutionConfigurationPlatforms) = preSolution
		Debug|Any CPU = Debug|Any CPU
		Release|Any CPU = Release|Any CPU
	EndGlobalSection
	GlobalSection(ProjectConfigurationPlatforms) = postSolution
		{8C74AD80-D179-4DF2-B489-B9914F79CE2C}.Debug|Any CPU.ActiveCfg = Debug|Any CPU
		{8C74AD80-D179-4DF2-B489-B9914F79CE2C}.Debug|Any CPU.Build.0 = Debug|Any CPU
		{8C74AD80-D179-4DF2-B489-B9914F79CE2C}.Release|Any CPU.ActiveCfg = Release|Any CPU
		{8C74AD80-D179-4DF2-B489-B9914F79CE2C}.Release|Any CPU.Build.0 = Release|Any CPU
	EndGlobalSection
	GlobalSection(SolutionProperties) = preSolution
		HideSolutionNode = FALSE
	EndGlobalSection
	GlobalSection(ExtensibilityGlobals) = postSolution
		SolutionGuid = {EBBA2612-A739-4EA2-AF6C-B65BF6ABD790}
	EndGlobalSection
EndGlobal
